<?xml version="1.0" encoding="utf-8"?>
<Project ToolsVersion="4.0" xmlns="http://schemas.microsoft.com/developer/msbuild/2003">
  <ItemGroup>
    <ClCompile Include="Boid.cpp" />
    <ClCompile Include="Bullet.cpp" />
    <ClCompile Include="BulletManager.cpp" />
    <ClCompile Include="AsteroidManager.cpp" />
    <ClCompile Include="Asteroids.cpp" />
    <ClCompile Include="Camera.cpp" />
    <ClCompile Include="Enemy.cpp" />
    <ClCompile Include="Factory.cpp" />
    <ClCompile Include="FirstSFMLProject.cpp" />
    <ClCompile Include="Flock.cpp" />
    <ClCompile Include="Menu.cpp" />
    <ClCompile Include="Minimap.cpp" />
    <ClCompile Include="Play.cpp" />
    <ClCompile Include="Player.cpp" />
    <ClCompile Include="PowerUp.cpp" />
    <ClCompile Include="PowerUpManager.cpp" />
    <ClCompile Include="PVector.cpp" />
    <ClCompile Include="StateController.cpp" />
    <ClCompile Include="stdafx.cpp" />
  </ItemGroup>
  <ItemGroup>
    <ClInclude Include="Boid.h" />
    <ClInclude Include="Bullet.h" />
    <ClInclude Include="BulletManager.h" />
    <ClInclude Include="Camera.h" />
    <ClInclude Include="Enemy.h" />
    <ClInclude Include="Factory.h" />
    <ClInclude Include="Flock.h" />
    <ClInclude Include="AsteroidManager.h" />
    <ClInclude Include="Asteroids.h" />
    <ClInclude Include="Menu.h" />
    <ClInclude Include="Minimap.h" />
    <ClInclude Include="Play.h" />
    <ClInclude Include="Player.h" />
    <ClInclude Include="PowerUp.h" />
    <ClInclude Include="PowerUpManager.h" />
    <ClInclude Include="PVector.h" />
    <ClInclude Include="StateController.h" />
    <ClInclude Include="stdafx.h" />
    <ClInclude Include="targetver.h" />
  </ItemGroup>
  <ItemGroup>
    <Image Include="enemy.png" />
    <Image Include="player.png" />
    <Image Include="Spaceship.png" />
    <Image Include="Spaceship2.png" />
    <Image Include="bg.jpg" />
    <Image Include="Lightning.jpg" />
    <Image Include="Lightning.png" />
    <Image Include="MenuBg.jpg" />
    <Image Include="missile.png" />
    <Image Include="player1.png" />
    <Image Include="player2.png" />
    <Image Include="player3.png" />
  </ItemGroup>
  <ItemGroup>
    <Text Include="ReadMe.txt" />
  </ItemGroup>
</Project>